# Auto-generated by mcpp. Do not edit by hand.
# Records what this build resolved. It does not yet pin future builds:
# index dependencies are re-resolved from their constraints each time.
# dev-dependencies are excluded: only `mcpp test` resolves them, and this
# file must not change depending on which command ran last.
version = 2

[package."compat.libaio"]
namespace = "compat"
version = "0.3.113"
source  = "index+compat@0.3.113"
hash    = "fnv1a:36207dee11922c2d"

[package."compat.openssl"]
namespace = "compat"
version = "3.5.1"
source  = "index+compat@3.5.1"
hash    = "fnv1a:633d79304221cf6e"
