# This file is automatically @generated by Cargo.
# It is not intended for manual editing.
version = 4

[[package]]
name = "bounded-spsc-queue"
version = "0.4.0"
source = "registry+https://github.com/rust-lang/crates.io-index"
checksum = "e4c9c650d1935bc66dec0e80beb9353b6c86fb9bcd0a4c0c7f5a70d9770e5194"

[[package]]
name = "crossbeam-channel"
version = "0.5.16"
source = "registry+https://github.com/rust-lang/crates.io-index"
checksum = "d85363c37faeca707aef026efa9f3b34d077bce547e48f770770625c6013679e"
dependencies = [
 "crossbeam-utils",
]

[[package]]
name = "crossbeam-queue"
version = "0.3.13"
source = "registry+https://github.com/rust-lang/crates.io-index"
checksum = "803d13fb3b09d88be9f4dbc29062c66b19bf7170867ceb746d2a8689bf6c7a26"
dependencies = [
 "crossbeam-utils",
]

[[package]]
name = "crossbeam-utils"
version = "0.8.22"
source = "registry+https://github.com/rust-lang/crates.io-index"
checksum = "61803da095bee82a81bb1a452ecc25d3b2f1416d1897eb86430c6159ef717c17"

[[package]]
name = "galay-kernel-rust-channel-compare"
version = "0.1.0"
dependencies = [
 "crossbeam-channel",
 "crossbeam-queue",
 "rtrb",
 "unbounded-spsc",
]

[[package]]
name = "rtrb"
version = "0.3.4"
source = "registry+https://github.com/rust-lang/crates.io-index"
checksum = "4ade083ccbb4bf536df69d1f6432cc23deb7acccff86b183f3923a6fd56a1153"

[[package]]
name = "unbounded-spsc"
version = "0.3.0"
source = "registry+https://github.com/rust-lang/crates.io-index"
checksum = "25893b0a9bd99728ea266346e1301e1d2e619fa16177894f8fba4f7c8ba3261c"
dependencies = [
 "bounded-spsc-queue",
]
